
Microsoft Visual Studio Solution File, Format Version 12.00
# Visual Studio Version 17
VisualStudioVersion = 17.11.35219.272
MinimumVisualStudioVersion = 10.0.40219.1
Project("{FAE04EC0-301F-11D3-BF4B-00C04F79EFBC}") = "ReadExcelWriteSqlServerConsoleApp", "ReadExcelWriteSqlServerConsoleApp.csproj", "{2F1CC709-0F20-4837-B83F-019798F7BB2F}"
EndProject
Global
	GlobalSection(SolutionConfigurationPlatforms) = preSolution
		Debug|Any CPU = Debug|Any CPU
		Release|Any CPU = Release|Any CPU
	EndGlobalSection
	GlobalSection(ProjectConfigurationPlatforms) = postSolution
		{2F1CC709-0F20-4837-B83F-019798F7BB2F}.Debug|Any CPU.ActiveCfg = Debug|Any CPU
		{2F1CC709-0F20-4837-B83F-019798F7BB2F}.Debug|Any CPU.Build.0 = Debug|Any CPU
		{2F1CC709-0F20-4837-B83F-019798F7BB2F}.Release|Any CPU.ActiveCfg = Release|Any CPU
		{2F1CC709-0F20-4837-B83F-019798F7BB2F}.Release|Any CPU.Build.0 = Release|Any CPU
	EndGlobalSection
	GlobalSection(SolutionProperties) = preSolution
		HideSolutionNode = FALSE
	EndGlobalSection
	GlobalSection(ExtensibilityGlobals) = postSolution
		SolutionGuid = {F7CB7818-8ED5-4975-827F-BBA0D64C77AD}
	EndGlobalSection
EndGlobal
